PODS:
  - Alamofire (4.4.0)
  - AlamofireImage (3.2.0):
    - Alamofire (~> 4.1)
  - Decodable (0.5)
  - DynamicColor (3.2.1)
  - Eureka (2.0.1)
  - Hero (0.3.3)
  - Material (2.5.2):
    - Material/Core (= 2.5.2)
  - Material/Core (2.5.2)
  - Opera (1.0.0):
    - Alamofire (~> 4.0)
    - RxCocoa (~> 3.0.1)
    - RxSwift (~> 3.0.1)
  - R.swift (3.2.0):
    - R.swift.Library (~> 3.0.2)
  - R.swift.Library (3.0.2)
  - RxAlamofire (3.0.2):
    - RxAlamofire/Core (= 3.0.2)
  - RxAlamofire/Core (3.0.2):
    - Alamofire (~> 4.0)
    - RxSwift (~> 3.0)
  - RxCocoa (3.0.1):
    - RxSwift (~> 3.0)
  - RxSwift (3.0.1)
  - Shimmer (1.0.2)
  - XLSwiftKit (2.0.0)

DEPENDENCIES:
  - Alamofire
  - AlamofireImage
  - Decodable
  - DynamicColor
  - Eureka (from `https://github.com/xmartlabs/Eureka.git`, branch `master`)
  - Hero
  - Material
  - Opera (from `https://github.com/xmartlabs/Opera.git`, branch `Swift3`)
  - R.swift
  - RxAlamofire
  - RxCocoa
  - RxSwift
  - Shimmer
  - XLSwiftKit

EXTERNAL SOURCES:
  Eureka:
    :branch: master
    :git: https://github.com/xmartlabs/Eureka.git
  Opera:
    :branch: Swift3
    :git: https://github.com/xmartlabs/Opera.git

CHECKOUT OPTIONS:
  Eureka:
    :commit: 555c1b29194cde5328663097a019fd1f00e7cc97
    :git: https://github.com/xmartlabs/Eureka.git
  Opera:
    :commit: c81c84dad0d9a96bb7f6017fdd6a30f23f4492d7
    :git: https://github.com/xmartlabs/Opera.git

SPEC CHECKSUMS:
  Alamofire: dc44b1600b800eb63da6a19039a0083d62a6a62d
  AlamofireImage: 157ed682cc81d3b9db4fb90c1f12180ac552d93b
  Decodable: 7c90acc68d357b71d0d6efc120faf9c53c644b7e
  DynamicColor: 4786d650c69da6c3f2cbfe068348288ec4e5521f
  Eureka: b40fbccd381b2b5d6a1c138d23806993a950d7d7
  Hero: bee4e762e84185b16a902dd11335c119515bb912
  Material: 00ae261fa04dd3f3f8584d07e44ac658fa1bc6fd
  Opera: 5018ced09d6caadc4c1076ea806c940b558761a2
  R.swift: 207a372a2b5977caef440c696a368009460641d1
  R.swift.Library: fbdec16c9802ad104fc1ba53415dc190e6ec5c73
  RxAlamofire: bc53604b29fd2d220cfaa490c736cc4500819f34
  RxCocoa: 15a52fc590dcc700cb4a690a633b5c5184ce3a78
  RxSwift: af5680055c4ad04480189c52d28385b1029493a6
  Shimmer: c5374be1c2b0c9e292fb05b339a513cf291cac86
  XLSwiftKit: 4d48322a602120dc6300d58d7fb07b873e223c1c

PODFILE CHECKSUM: 7af41f2326f4d3e395158f4fc4107ca7e47ea1bb

COCOAPODS: 1.2.0
