PODS:
  - Alamofire (4.3.0)
  - AlamofireImage (3.2.0):
    - Alamofire (~> 4.1)
  - Decodable (0.5)
  - DynamicColor (3.2.1)
  - Eureka (2.0.0-beta.1)
  - Hero (0.3.1)
  - Material (2.4.16):
    - Material/Core (= 2.4.16)
  - Material/Core (2.4.16)
  - Motion (1.0.3):
    - Motion/Core (= 1.0.3)
  - Motion/Core (1.0.3)
  - Opera (1.0.0):
    - Alamofire (~> 4.0)
    - RxCocoa (~> 3.0.1)
    - RxSwift (~> 3.0.1)
  - R.swift (3.2.0):
    - R.swift.Library (~> 3.0.2)
  - R.swift.Library (3.0.2)
  - RxAlamofire (3.0.2):
    - RxAlamofire/Core (= 3.0.2)
  - RxAlamofire/Core (3.0.2):
    - Alamofire (~> 4.0)
    - RxSwift (~> 3.0)
  - RxCocoa (3.0.1):
    - RxSwift (~> 3.0)
  - RxSwift (3.0.1)
  - Shimmer (1.0.2)
  - XLSwiftKit (2.0.0)

DEPENDENCIES:
  - Alamofire
  - AlamofireImage
  - Decodable
  - DynamicColor
  - Eureka (from `https://github.com/xmartlabs/Eureka.git`, branch `master`)
  - Hero
  - Material
  - Motion
  - Opera (from `https://github.com/xmartlabs/Opera.git`, branch `Swift3`)
  - R.swift
  - RxAlamofire
  - RxCocoa
  - RxSwift
  - Shimmer
  - XLSwiftKit

EXTERNAL SOURCES:
  Eureka:
    :branch: master
    :git: https://github.com/xmartlabs/Eureka.git
  Opera:
    :branch: Swift3
    :git: https://github.com/xmartlabs/Opera.git

CHECKOUT OPTIONS:
  Eureka:
    :commit: 13fefe5d21aad4322f0e12957c4c6323066f6cb5
    :git: https://github.com/xmartlabs/Eureka.git
  Opera:
    :commit: c81c84dad0d9a96bb7f6017fdd6a30f23f4492d7
    :git: https://github.com/xmartlabs/Opera.git

SPEC CHECKSUMS:
  Alamofire: 856a113053a7bc9cbe5d6367a555d773fc5cfef7
  AlamofireImage: 157ed682cc81d3b9db4fb90c1f12180ac552d93b
  Decodable: 7c90acc68d357b71d0d6efc120faf9c53c644b7e
  DynamicColor: 4786d650c69da6c3f2cbfe068348288ec4e5521f
  Eureka: d014adf16406745e1a78d5790ea37ed130a0a8e5
  Hero: 278045543e7e8fcbf331e6493a51f97469a2ff08
  Material: 84645fb4c9409c3db76bd7c8e1fd00dc4a76c144
  Motion: 6665469c8268bc424c1c3d8e8f7bc99e28178666
  Opera: 5018ced09d6caadc4c1076ea806c940b558761a2
  R.swift: 207a372a2b5977caef440c696a368009460641d1
  R.swift.Library: fbdec16c9802ad104fc1ba53415dc190e6ec5c73
  RxAlamofire: bc53604b29fd2d220cfaa490c736cc4500819f34
  RxCocoa: 15a52fc590dcc700cb4a690a633b5c5184ce3a78
  RxSwift: af5680055c4ad04480189c52d28385b1029493a6
  Shimmer: c5374be1c2b0c9e292fb05b339a513cf291cac86
  XLSwiftKit: 4d48322a602120dc6300d58d7fb07b873e223c1c

PODFILE CHECKSUM: 9f3bd59d099003029bc33e766aedb7af40b641c0

COCOAPODS: 1.0.1
